
Microsoft Visual Studio Solution File, Format Version 12.00
# Visual Studio Version 16
VisualStudioVersion = 16.0.30503.244
MinimumVisualStudioVersion = 10.0.40219.1
Project("{FAE04EC0-301F-11D3-BF4B-00C04F79EFBC}") = "Kartalytics", "Kartalytics\Kartalytics.csproj", "{B39F16A2-F2BD-41CF-9132-8D3EEA20C4EC}"
EndProject
Global
	GlobalSection(SolutionConfigurationPlatforms) = preSolution
		Debug|Any CPU = Debug|Any CPU
		Release|Any CPU = Release|Any CPU
	EndGlobalSection
	GlobalSection(ProjectConfigurationPlatforms) = postSolution
		{B39F16A2-F2BD-41CF-9132-8D3EEA20C4EC}.Debug|Any CPU.ActiveCfg = Debug|Any CPU
		{B39F16A2-F2BD-41CF-9132-8D3EEA20C4EC}.Debug|Any CPU.Build.0 = Debug|Any CPU
		{B39F16A2-F2BD-41CF-9132-8D3EEA20C4EC}.Release|Any CPU.ActiveCfg = Release|Any CPU
		{B39F16A2-F2BD-41CF-9132-8D3EEA20C4EC}.Release|Any CPU.Build.0 = Release|Any CPU
	EndGlobalSection
	GlobalSection(SolutionProperties) = preSolution
		HideSolutionNode = FALSE
	EndGlobalSection
	GlobalSection(ExtensibilityGlobals) = postSolution
		SolutionGuid = {55CE6735-6DEF-41FB-9AFD-677AEAF1A246}
	EndGlobalSection
EndGlobal
