{
  "requires": true,
  "lockfileVersion": 1,
  "dependencies": {
    "@heroicons/react": {
      "version": "1.0.1",
      "resolved": "https://registry.npmjs.org/@heroicons/react/-/react-1.0.1.tgz",
      "integrity": "sha512-uikw2gKCmqnvjVxitecWfFLMOKyL9BTFcU4VM3hHj9OMwpkCr5Ke+MRMyY2/aQVmsYs4VTq7NCFX05MYwAHi3g=="
    }
  }
}
